// !$*UTF8*$!
{
	archiveVersion = 1;
	classes = {
	};
	objectVersion = 77;
	objects = {

/* Begin PBXBuildFile section */
		4BB6C1386807A9E29D6E1BA3 /* Pods_share.framework in Frameworks */ = {isa = PBXBuildFile; fileRef = A80729D73D88F9A2693DCB2E /* Pods_share.framework */; };
		8A1CC81C2E9A6F9300F7C101 /* FirebaseAnalytics in Frameworks */ = {isa = PBXBuildFile; productRef = 8A1CC81B2E9A6F9300F7C101 /* FirebaseAnalytics */; };
		8A1CC81E2E9A6F9300F7C101 /* FirebaseCrashlytics in Frameworks */ = {isa = PBXBuildFile; productRef = 8A1CC81D2E9A6F9300F7C101 /* FirebaseCrashlytics */; };
		8A1E1BAC2EDFF24B004F9F3B /* StoreKit.framework in Frameworks */ = {isa = PBXBuildFile; fileRef = 8A1E1BAB2EDFF24B004F9F3B /* StoreKit.framework */; };
		8A9B3B002EA78B4100F25AB6 /* FirebaseMessaging in Frameworks */ = {isa = PBXBuildFile; productRef = 8A9B3AFF2EA78B4100F25AB6 /* FirebaseMessaging */; };
		8A9B3B022EA78B4900F25AB6 /* FirebaseMessaging in Frameworks */ = {isa = PBXBuildFile; productRef = 8A9B3B012EA78B4900F25AB6 /* FirebaseMessaging */; };
		8A9D0BAD2E8A989900FFDE17 /* share.appex in Embed Foundation Extensions */ = {isa = PBXBuildFile; fileRef = 8AD22C002E83ED490035EA6E /* share.appex */; settings = {ATTRIBUTES = (RemoveHeadersOnCopy, ); }; };
		8AC37B072E9D0BE2005395D2 /* FirebaseAuth in Frameworks */ = {isa = PBXBuildFile; productRef = 8AC37B062E9D0BE2005395D2 /* FirebaseAuth */; };
		8AC37B092E9D0BEB005395D2 /* FirebaseAuth in Frameworks */ = {isa = PBXBuildFile; productRef = 8AC37B082E9D0BEB005395D2 /* FirebaseAuth */; };
		8ACC80432E9CA0E90078F1FF /* GoogleSignIn in Frameworks */ = {isa = PBXBuildFile; productRef = 8ACC80422E9CA0E90078F1FF /* GoogleSignIn */; };
		8ACC80452E9CA0E90078F1FF /* GoogleSignInSwift in Frameworks */ = {isa = PBXBuildFile; productRef = 8ACC80442E9CA0E90078F1FF /* GoogleSignInSwift */; };
		8ACC80482E9CA6C40078F1FF /* FirebaseAnalytics in Frameworks */ = {isa = PBXBuildFile; productRef = 8ACC80472E9CA6C40078F1FF /* FirebaseAnalytics */; };
		8ACC804A2E9CA6C70078F1FF /* FirebaseCrashlytics in Frameworks */ = {isa = PBXBuildFile; productRef = 8ACC80492E9CA6C70078F1FF /* FirebaseCrashlytics */; };
		8ACC804C2E9CA6CB0078F1FF /* GoogleSignIn in Frameworks */ = {isa = PBXBuildFile; productRef = 8ACC804B2E9CA6CB0078F1FF /* GoogleSignIn */; };
		8ACC804E2E9CA6CD0078F1FF /* GoogleSignInSwift in Frameworks */ = {isa = PBXBuildFile; productRef = 8ACC804D2E9CA6CD0078F1FF /* GoogleSignInSwift */; };
		C1665E8A5E5844C45F5B2807 /* Pods_iosApp.framework in Frameworks */ = {isa = PBXBuildFile; fileRef = 0CCD5020CCDB585F6F508724 /* Pods_iosApp.framework */; };
		DB54A424A0A472BC85F3DE77 /* PrivacyInfo.xcprivacy in Resources */ = {isa = PBXBuildFile; fileRef = B46C0644545232A3C4B57B4F /* PrivacyInfo.xcprivacy */; };
/* End PBXBuildFile section */

/* Begin PBXContainerItemProxy section */
		8A9D0BAE2E8A989900FFDE17 /* PBXContainerItemProxy */ = {
			isa = PBXContainerItemProxy;
			containerPortal = B9DA97A92DC1472C00A4DA20 /* Project object */;
			proxyType = 1;
			remoteGlobalIDString = 8AD22BFF2E83ED490035EA6E;
			remoteInfo = share;
		};
/* End PBXContainerItemProxy section */

/* Begin PBXCopyFilesBuildPhase section */
		8AD22C0A2E83ED490035EA6E /* Embed Foundation Extensions */ = {
			isa = PBXCopyFilesBuildPhase;
			buildActionMask = 2147483647;
			dstPath = "";
			dstSubfolderSpec = 13;
			files = (
				8A9D0BAD2E8A989900FFDE17 /* share.appex in Embed Foundation Extensions */,
			);
			name = "Embed Foundation Extensions";
			runOnlyForDeploymentPostprocessing = 0;
		};
/* End PBXCopyFilesBuildPhase section */

/* Begin PBXFileReference section */
		04F7449A1A39313AF505F41A /* Pods-iosApp.debug.xcconfig */ = {isa = PBXFileReference; includeInIndex = 1; lastKnownFileType = text.xcconfig; name = "Pods-iosApp.debug.xcconfig"; path = "Target Support Files/Pods-iosApp/Pods-iosApp.debug.xcconfig"; sourceTree = "<group>"; };
		0CCD5020CCDB585F6F508724 /* Pods_iosApp.framework */ = {isa = PBXFileReference; explicitFileType = wrapper.framework; includeInIndex = 0; path = Pods_iosApp.framework; sourceTree = BUILT_PRODUCTS_DIR; };
		7E6A546446BC10899355DC8F /* Pods-share.debug.xcconfig */ = {isa = PBXFileReference; includeInIndex = 1; lastKnownFileType = text.xcconfig; name = "Pods-share.debug.xcconfig"; path = "Target Support Files/Pods-share/Pods-share.debug.xcconfig"; sourceTree = "<group>"; };
		824E651F0113D77B8A9B160C /* Pods-iosApp.release.xcconfig */ = {isa = PBXFileReference; includeInIndex = 1; lastKnownFileType = text.xcconfig; name = "Pods-iosApp.release.xcconfig"; path = "Target Support Files/Pods-iosApp/Pods-iosApp.release.xcconfig"; sourceTree = "<group>"; };
		8A1E1BAB2EDFF24B004F9F3B /* StoreKit.framework */ = {isa = PBXFileReference; lastKnownFileType = wrapper.framework; name = StoreKit.framework; path = System/Library/Frameworks/StoreKit.framework; sourceTree = SDKROOT; };
		8AD22C002E83ED490035EA6E /* share.appex */ = {isa = PBXFileReference; explicitFileType = "wrapper.app-extension"; includeInIndex = 0; path = share.appex; sourceTree = BUILT_PRODUCTS_DIR; };
		A80729D73D88F9A2693DCB2E /* Pods_share.framework */ = {isa = PBXFileReference; explicitFileType = wrapper.framework; includeInIndex = 0; path = Pods_share.framework; sourceTree = BUILT_PRODUCTS_DIR; };
		B3D95CCEA2E69139FF9B1B06 /* Pods-share.release.xcconfig */ = {isa = PBXFileReference; includeInIndex = 1; lastKnownFileType = text.xcconfig; name = "Pods-share.release.xcconfig"; path = "Target Support Files/Pods-share/Pods-share.release.xcconfig"; sourceTree = "<group>"; };
		B46C0644545232A3C4B57B4F /* PrivacyInfo.xcprivacy */ = {isa = PBXFileReference; includeInIndex = 1; lastKnownFileType = text.xml; path = PrivacyInfo.xcprivacy; sourceTree = "<group>"; };
		B9DA97B12DC1472C00A4DA20 /* Slax Reader.app */ = {isa = PBXFileReference; explicitFileType = wrapper.application; includeInIndex = 0; path = "Slax Reader.app"; sourceTree = BUILT_PRODUCTS_DIR; };
/* End PBXFileReference section */

/* Begin PBXFileSystemSynchronizedBuildFileExceptionSet section */
		8AD22C0F2E83ED490035EA6E /* Exceptions for "share" folder in "share" target */ = {
			isa = PBXFileSystemSynchronizedBuildFileExceptionSet;
			membershipExceptions = (
				Info.plist,
			);
			target = 8AD22BFF2E83ED490035EA6E /* share */;
		};
		B99700CA2DC9B8D800C7335B /* Exceptions for "iosApp" folder in "iosApp" target */ = {
			isa = PBXFileSystemSynchronizedBuildFileExceptionSet;
			membershipExceptions = (
				Info.plist,
			);
			target = B9DA97B02DC1472C00A4DA20 /* iosApp */;
		};
/* End PBXFileSystemSynchronizedBuildFileExceptionSet section */

/* Begin PBXFileSystemSynchronizedRootGroup section */
		8AD22C012E83ED490035EA6E /* share */ = {
			isa = PBXFileSystemSynchronizedRootGroup;
			exceptions = (
				8AD22C0F2E83ED490035EA6E /* Exceptions for "share" folder in "share" target */,
			);
			path = share;
			sourceTree = "<group>";
		};
		B9DA97B32DC1472C00A4DA20 /* iosApp */ = {
			isa = PBXFileSystemSynchronizedRootGroup;
			exceptions = (
				B99700CA2DC9B8D800C7335B /* Exceptions for "iosApp" folder in "iosApp" target */,
			);
			path = iosApp;
			sourceTree = "<group>";
		};
		B9DA98002DC14AA900A4DA20 /* Configuration */ = {
			isa = PBXFileSystemSynchronizedRootGroup;
			path = Configuration;
			sourceTree = "<group>";
		};
/* End PBXFileSystemSynchronizedRootGroup section */

/* Begin PBXFrameworksBuildPhase section */
		8AD22BFD2E83ED490035EA6E /* Frameworks */ = {
			isa = PBXFrameworksBuildPhase;
			buildActionMask = 2147483647;
			files = (
				8A9B3B002EA78B4100F25AB6 /* FirebaseMessaging in Frameworks */,
				8ACC80482E9CA6C40078F1FF /* FirebaseAnalytics in Frameworks */,
				8AC37B072E9D0BE2005395D2 /* FirebaseAuth in Frameworks */,
				8ACC804A2E9CA6C70078F1FF /* FirebaseCrashlytics in Frameworks */,
				8ACC804C2E9CA6CB0078F1FF /* GoogleSignIn in Frameworks */,
				8ACC804E2E9CA6CD0078F1FF /* GoogleSignInSwift in Frameworks */,
				4BB6C1386807A9E29D6E1BA3 /* Pods_share.framework in Frameworks */,
			);
			runOnlyForDeploymentPostprocessing = 0;
		};
		B9DA97AE2DC1472C00A4DA20 /* Frameworks */ = {
			isa = PBXFrameworksBuildPhase;
			buildActionMask = 2147483647;
			files = (
				8A1E1BAC2EDFF24B004F9F3B /* StoreKit.framework in Frameworks */,
				8A9B3B022EA78B4900F25AB6 /* FirebaseMessaging in Frameworks */,
				8ACC80452E9CA0E90078F1FF /* GoogleSignInSwift in Frameworks */,
				8AC37B092E9D0BEB005395D2 /* FirebaseAuth in Frameworks */,
				8A1CC81E2E9A6F9300F7C101 /* FirebaseCrashlytics in Frameworks */,
				8ACC80432E9CA0E90078F1FF /* GoogleSignIn in Frameworks */,
				8A1CC81C2E9A6F9300F7C101 /* FirebaseAnalytics in Frameworks */,
				C1665E8A5E5844C45F5B2807 /* Pods_iosApp.framework in Frameworks */,
			);
			runOnlyForDeploymentPostprocessing = 0;
		};
/* End PBXFrameworksBuildPhase section */

/* Begin PBXGroup section */
		23DC1AB1B1A60E53AD4B7574 /* Frameworks */ = {
			isa = PBXGroup;
			children = (
				8A1E1BAB2EDFF24B004F9F3B /* StoreKit.framework */,
				0CCD5020CCDB585F6F508724 /* Pods_iosApp.framework */,
				A80729D73D88F9A2693DCB2E /* Pods_share.framework */,
			);
			name = Frameworks;
			sourceTree = "<group>";
		};
		536474E480D83EAFF0F74A58 /* Pods */ = {
			isa = PBXGroup;
			children = (
				04F7449A1A39313AF505F41A /* Pods-iosApp.debug.xcconfig */,
				824E651F0113D77B8A9B160C /* Pods-iosApp.release.xcconfig */,
				7E6A546446BC10899355DC8F /* Pods-share.debug.xcconfig */,
				B3D95CCEA2E69139FF9B1B06 /* Pods-share.release.xcconfig */,
			);
			path = Pods;
			sourceTree = "<group>";
		};
		B9DA97A82DC1472C00A4DA20 = {
			isa = PBXGroup;
			children = (
				B9DA98002DC14AA900A4DA20 /* Configuration */,
				B9DA97B32DC1472C00A4DA20 /* iosApp */,
				8AD22C012E83ED490035EA6E /* share */,
				B9DA97B22DC1472C00A4DA20 /* Products */,
				536474E480D83EAFF0F74A58 /* Pods */,
				23DC1AB1B1A60E53AD4B7574 /* Frameworks */,
				B46C0644545232A3C4B57B4F /* PrivacyInfo.xcprivacy */,
			);
			sourceTree = "<group>";
		};
		B9DA97B22DC1472C00A4DA20 /* Products */ = {
			isa = PBXGroup;
			children = (
				B9DA97B12DC1472C00A4DA20 /* Slax Reader.app */,
				8AD22C002E83ED490035EA6E /* share.appex */,
			);
			name = Products;
			sourceTree = "<group>";
		};
/* End PBXGroup section */

/* Begin PBXNativeTarget section */
		8AD22BFF2E83ED490035EA6E /* share */ = {
			isa = PBXNativeTarget;
			buildConfigurationList = 8AD22C0C2E83ED490035EA6E /* Build configuration list for PBXNativeTarget "share" */;
			buildPhases = (
				70CB0644D385B01463D4776A /* [CP] Check Pods Manifest.lock */,
				8AD9DE602E9A3E48006B8204 /* Compile Kotlin Framework */,
				8AD22BFD2E83ED490035EA6E /* Frameworks */,
				8A791B8B2E84DE6A00709CD1 /* Sources */,
				8AD22BFE2E83ED490035EA6E /* Resources */,
				3BCAE6F0CF3AF37BB4E4EE83 /* [CP] Copy Pods Resources */,
			);
			buildRules = (
			);
			dependencies = (
			);
			fileSystemSynchronizedGroups = (
				8AD22C012E83ED490035EA6E /* share */,
			);
			name = share;
			productName = share;
			productReference = 8AD22C002E83ED490035EA6E /* share.appex */;
			productType = "com.apple.product-type.app-extension";
		};
		B9DA97B02DC1472C00A4DA20 /* iosApp */ = {
			isa = PBXNativeTarget;
			buildConfigurationList = B9DA97BF2DC1472D00A4DA20 /* Build configuration list for PBXNativeTarget "iosApp" */;
			buildPhases = (
				5C6A594B031FD26E7C85442A /* [CP] Check Pods Manifest.lock */,
				8AD9DE5F2E9A3DAE006B8204 /* [CP] Prepare powersync-sqlite-core xcframework */,
				B9DA97F42DC1497100A4DA20 /* Compile Kotlin Framework */,
				B9DA97AD2DC1472C00A4DA20 /* Sources */,
				B9DA97AE2DC1472C00A4DA20 /* Frameworks */,
				B9DA97AF2DC1472C00A4DA20 /* Resources */,
				8AD22C0A2E83ED490035EA6E /* Embed Foundation Extensions */,
				29F6D0D50D1A39E2EF18D814 /* [CP] Embed Pods Frameworks */,
				8ACC80462E9CA25C0078F1FF /* Upload dSYM file */,
				203CB7D6B69FD5B6DD5DCC15 /* [CP] Copy Pods Resources */,
			);
			buildRules = (
			);
			dependencies = (
				8A9D0BAF2E8A989900FFDE17 /* PBXTargetDependency */,
			);
			fileSystemSynchronizedGroups = (
				B9DA97B32DC1472C00A4DA20 /* iosApp */,
			);
			name = iosApp;
			productName = iosApp;
			productReference = B9DA97B12DC1472C00A4DA20 /* Slax Reader.app */;
			productType = "com.apple.product-type.application";
		};
/* End PBXNativeTarget section */

/* Begin PBXProject section */
		B9DA97A92DC1472C00A4DA20 /* Project object */ = {
			isa = PBXProject;
			attributes = {
				BuildIndependentTargetsInParallel = 1;
				LastSwiftUpdateCheck = 1640;
				LastUpgradeCheck = 1620;
				TargetAttributes = {
					8AD22BFF2E83ED490035EA6E = {
						CreatedOnToolsVersion = 16.4;
					};
					B9DA97B02DC1472C00A4DA20 = {
						CreatedOnToolsVersion = 16.2;
					};
				};
			};
			buildConfigurationList = B9DA97AC2DC1472C00A4DA20 /* Build configuration list for PBXProject "iosApp" */;
			developmentRegion = en;
			hasScannedForEncodings = 0;
			knownRegions = (
				en,
				Base,
			);
			mainGroup = B9DA97A82DC1472C00A4DA20;
			minimizedProjectReferenceProxies = 1;
			packageReferences = (
				8A1CC81A2E9A6F9300F7C101 /* XCRemoteSwiftPackageReference "firebase-ios-sdk" */,
				8ACC80412E9CA0E90078F1FF /* XCRemoteSwiftPackageReference "GoogleSignIn-iOS" */,
			);
			preferredProjectObjectVersion = 77;
			productRefGroup = B9DA97B22DC1472C00A4DA20 /* Products */;
			projectDirPath = "";
			projectRoot = "";
			targets = (
				B9DA97B02DC1472C00A4DA20 /* iosApp */,
				8AD22BFF2E83ED490035EA6E /* share */,
			);
		};
/* End PBXProject section */

/* Begin PBXResourcesBuildPhase section */
		8AD22BFE2E83ED490035EA6E /* Resources */ = {
			isa = PBXResourcesBuildPhase;
			buildActionMask = 2147483647;
			files = (
			);
			runOnlyForDeploymentPostprocessing = 0;
		};
		B9DA97AF2DC1472C00A4DA20 /* Resources */ = {
			isa = PBXResourcesBuildPhase;
			buildActionMask = 2147483647;
			files = (
				DB54A424A0A472BC85F3DE77 /* PrivacyInfo.xcprivacy in Resources */,
			);
			runOnlyForDeploymentPostprocessing = 0;
		};
/* End PBXResourcesBuildPhase section */

/* Begin PBXShellScriptBuildPhase section */
		203CB7D6B69FD5B6DD5DCC15 /* [CP] Copy Pods Resources */ = {
			isa = PBXShellScriptBuildPhase;
			buildActionMask = 2147483647;
			files = (
			);
			inputFileListPaths = (
				"${PODS_ROOT}/Target Support Files/Pods-iosApp/Pods-iosApp-resources-${CONFIGURATION}-input-files.xcfilelist",
			);
			inputPaths = (
			);
			name = "[CP] Copy Pods Resources";
			outputFileListPaths = (
				"${PODS_ROOT}/Target Support Files/Pods-iosApp/Pods-iosApp-resources-${CONFIGURATION}-output-files.xcfilelist",
			);
			outputPaths = (
			);
			runOnlyForDeploymentPostprocessing = 0;
			shellPath = /bin/sh;
			shellScript = "\"${PODS_ROOT}/Target Support Files/Pods-iosApp/Pods-iosApp-resources.sh\"\n";
			showEnvVarsInLog = 0;
		};
		29F6D0D50D1A39E2EF18D814 /* [CP] Embed Pods Frameworks */ = {
			isa = PBXShellScriptBuildPhase;
			buildActionMask = 2147483647;
			files = (
			);
			inputFileListPaths = (
				"${PODS_ROOT}/Target Support Files/Pods-iosApp/Pods-iosApp-frameworks-${CONFIGURATION}-input-files.xcfilelist",
			);
			inputPaths = (
			);
			name = "[CP] Embed Pods Frameworks";
			outputFileListPaths = (
				"${PODS_ROOT}/Target Support Files/Pods-iosApp/Pods-iosApp-frameworks-${CONFIGURATION}-output-files.xcfilelist",
			);
			outputPaths = (
			);
			runOnlyForDeploymentPostprocessing = 0;
			shellPath = /bin/sh;
			shellScript = "\"${PODS_ROOT}/Target Support Files/Pods-iosApp/Pods-iosApp-frameworks.sh\"\n";
			showEnvVarsInLog = 0;
		};
		3BCAE6F0CF3AF37BB4E4EE83 /* [CP] Copy Pods Resources */ = {
			isa = PBXShellScriptBuildPhase;
			buildActionMask = 2147483647;
			files = (
			);
			inputFileListPaths = (
				"${PODS_ROOT}/Target Support Files/Pods-share/Pods-share-resources-${CONFIGURATION}-input-files.xcfilelist",
			);
			inputPaths = (
			);
			name = "[CP] Copy Pods Resources";
			outputFileListPaths = (
				"${PODS_ROOT}/Target Support Files/Pods-share/Pods-share-resources-${CONFIGURATION}-output-files.xcfilelist",
			);
			outputPaths = (
			);
			runOnlyForDeploymentPostprocessing = 0;
			shellPath = /bin/sh;
			shellScript = "\"${PODS_ROOT}/Target Support Files/Pods-share/Pods-share-resources.sh\"\n";
			showEnvVarsInLog = 0;
		};
		5C6A594B031FD26E7C85442A /* [CP] Check Pods Manifest.lock */ = {
			isa = PBXShellScriptBuildPhase;
			buildActionMask = 2147483647;
			files = (
			);
			inputFileListPaths = (
			);
			inputPaths = (
				"${PODS_PODFILE_DIR_PATH}/Podfile.lock",
				"${PODS_ROOT}/Manifest.lock",
			);
			name = "[CP] Check Pods Manifest.lock";
			outputFileListPaths = (
			);
			outputPaths = (
				"$(DERIVED_FILE_DIR)/Pods-iosApp-checkManifestLockResult.txt",
			);
			runOnlyForDeploymentPostprocessing = 0;
			shellPath = /bin/sh;
			shellScript = "diff \"${PODS_PODFILE_DIR_PATH}/Podfile.lock\" \"${PODS_ROOT}/Manifest.lock\" > /dev/null\nif [ $? != 0 ] ; then\n    # print error to STDERR\n    echo \"error: The sandbox is not in sync with the Podfile.lock. Run 'pod install' or update your CocoaPods installation.\" >&2\n    exit 1\nfi\n# This output is used by Xcode 'outputs' to avoid re-running this script phase.\necho \"SUCCESS\" > \"${SCRIPT_OUTPUT_FILE_0}\"\n";
			showEnvVarsInLog = 0;
		};
		70CB0644D385B01463D4776A /* [CP] Check Pods Manifest.lock */ = {
			isa = PBXShellScriptBuildPhase;
			buildActionMask = 2147483647;
			files = (
			);
			inputFileListPaths = (
			);
			inputPaths = (
				"${PODS_PODFILE_DIR_PATH}/Podfile.lock",
				"${PODS_ROOT}/Manifest.lock",
			);
			name = "[CP] Check Pods Manifest.lock";
			outputFileListPaths = (
			);
			outputPaths = (
				"$(DERIVED_FILE_DIR)/Pods-share-checkManifestLockResult.txt",
			);
			runOnlyForDeploymentPostprocessing = 0;
			shellPath = /bin/sh;
			shellScript = "diff \"${PODS_PODFILE_DIR_PATH}/Podfile.lock\" \"${PODS_ROOT}/Manifest.lock\" > /dev/null\nif [ $? != 0 ] ; then\n    # print error to STDERR\n    echo \"error: The sandbox is not in sync with the Podfile.lock. Run 'pod install' or update your CocoaPods installation.\" >&2\n    exit 1\nfi\n# This output is used by Xcode 'outputs' to avoid re-running this script phase.\necho \"SUCCESS\" > \"${SCRIPT_OUTPUT_FILE_0}\"\n";
			showEnvVarsInLog = 0;
		};
		8ACC80462E9CA25C0078F1FF /* Upload dSYM file */ = {
			isa = PBXShellScriptBuildPhase;
			alwaysOutOfDate = 1;
			buildActionMask = 2147483647;
			files = (
			);
			inputFileListPaths = (
			);
			inputPaths = (
				"${DWARF_DSYM_FOLDER_PATH}/${DWARF_DSYM_FILE_NAME}",
				"${DWARF_DSYM_FOLDER_PATH}/${DWARF_DSYM_FILE_NAME}/Contents/Resources/DWARF/${PRODUCT_NAME}",
				"${DWARF_DSYM_FOLDER_PATH}/${DWARF_DSYM_FILE_NAME}/Contents/Info.plist",
				"$(TARGET_BUILD_DIR)/$(UNLOCALIZED_RESOURCES_FOLDER_PATH)/GoogleService-Info.plist",
				"$(TARGET_BUILD_DIR)/$(EXECUTABLE_PATH)",
			);
			name = "Upload dSYM file";
			outputFileListPaths = (
			);
			outputPaths = (
			);
			runOnlyForDeploymentPostprocessing = 0;
			shellPath = /bin/sh;
			shellScript = "\"${BUILD_DIR%Build/*}SourcePackages/checkouts/firebase-ios-sdk/Crashlytics/run\"\n";
		};
		8AD9DE5F2E9A3DAE006B8204 /* [CP] Prepare powersync-sqlite-core xcframework */ = {
			isa = PBXShellScriptBuildPhase;
			alwaysOutOfDate = 1;
			buildActionMask = 2147483647;
			files = (
			);
			inputFileListPaths = (
			);
			inputPaths = (
			);
			name = "[CP] Prepare powersync-sqlite-core xcframework";
			outputFileListPaths = (
			);
			outputPaths = (
			);
			runOnlyForDeploymentPostprocessing = 0;
			shellPath = /bin/sh;
			shellScript = "\"${PODS_ROOT}/Target Support Files/powersync-sqlite-core/powersync-sqlite-core-xcframeworks.sh\"\n";
		};
		8AD9DE602E9A3E48006B8204 /* Compile Kotlin Framework */ = {
			isa = PBXShellScriptBuildPhase;
			alwaysOutOfDate = 1;
			buildActionMask = 2147483647;
			files = (
			);
			inputFileListPaths = (
			);
			inputPaths = (
			);
			name = "Compile Kotlin Framework";
			outputFileListPaths = (
			);
			outputPaths = (
			);
			runOnlyForDeploymentPostprocessing = 0;
			shellPath = /bin/sh;
			shellScript = "export JAVA_HOME=$(/usr/libexec/java_home -v 17)\n\nif [ \"YES\" = \"$OVERRIDE_KOTLIN_BUILD_IDE_SUPPORTED\" ]; then\necho \"Skipping Gradle build task invocation due to OVERRIDE_KOTLIN_BUILD_IDE_SUPPORTED environment variable set to \\\"YES\\\"\"\nexit 0\nfi\ncd \"$SRCROOT/..\"\n\nif [ -z \"$BUILD_FLAVOR\" ]; then BUILD_FLAVOR=dev; fi\necho \"building $BUILD_FLAVOR\"\n\nCACHE_FLAG=\"\"\nif [ \"$BUILD_FLAVOR\" = \"release\" ]; then\necho \"building on no-configuration-cache\"\nCACHE_FLAG=\"--no-configuration-cache\"\nfi\n\n./gradlew :composeApp:embedAndSignAppleFrameworkForXcode --info -Pbuildkonfig.flavor=$BUILD_FLAVOR $CACHE_FLAG\n";
		};
		B9DA97F42DC1497100A4DA20 /* Compile Kotlin Framework */ = {
			isa = PBXShellScriptBuildPhase;
			alwaysOutOfDate = 1;
			buildActionMask = 2147483647;
			files = (
			);
			inputFileListPaths = (
			);
			inputPaths = (
			);
			name = "Compile Kotlin Framework";
			outputFileListPaths = (
			);
			outputPaths = (
			);
			runOnlyForDeploymentPostprocessing = 0;
			shellPath = /bin/sh;
			shellScript = "export JAVA_HOME=$(/usr/libexec/java_home -v 17)\n\nif [ \"YES\" = \"$OVERRIDE_KOTLIN_BUILD_IDE_SUPPORTED\" ]; then\necho \"Skipping Gradle build task invocation due to OVERRIDE_KOTLIN_BUILD_IDE_SUPPORTED environment variable set to \\\"YES\\\"\"\nexit 0\nfi\ncd \"$SRCROOT/..\"\n\nif [ -z \"$BUILD_FLAVOR\" ]; then BUILD_FLAVOR=dev; fi\necho \"building $BUILD_FLAVOR\"\n\nCACHE_FLAG=\"\"\nif [ \"$BUILD_FLAVOR\" = \"release\" ]; then\necho \"building on no-configuration-cache\"\nCACHE_FLAG=\"--no-configuration-cache\"\nfi\n\n./gradlew :composeApp:embedAndSignAppleFrameworkForXcode --info -Pbuildkonfig.flavor=$BUILD_FLAVOR $CACHE_FLAG\n";
		};
/* End PBXShellScriptBuildPhase section */

/* Begin PBXSourcesBuildPhase section */
		8A791B8B2E84DE6A00709CD1 /* Sources */ = {
			isa = PBXSourcesBuildPhase;
			buildActionMask = 2147483647;
			files = (
			);
			runOnlyForDeploymentPostprocessing = 0;
		};
		B9DA97AD2DC1472C00A4DA20 /* Sources */ = {
			isa = PBXSourcesBuildPhase;
			buildActionMask = 2147483647;
			files = (
			);
			runOnlyForDeploymentPostprocessing = 0;
		};
/* End PBXSourcesBuildPhase section */

/* Begin PBXTargetDependency section */
		8A9D0BAF2E8A989900FFDE17 /* PBXTargetDependency */ = {
			isa = PBXTargetDependency;
			target = 8AD22BFF2E83ED490035EA6E /* share */;
			targetProxy = 8A9D0BAE2E8A989900FFDE17 /* PBXContainerItemProxy */;
		};
/* End PBXTargetDependency section */

/* Begin XCBuildConfiguration section */
		8AD22C0D2E83ED490035EA6E /* Debug */ = {
			isa = XCBuildConfiguration;
			baseConfigurationReference = 7E6A546446BC10899355DC8F /* Pods-share.debug.xcconfig */;
			buildSettings = {
				CODE_SIGN_ENTITLEMENTS = share/share.entitlements;
				CODE_SIGN_IDENTITY = "Apple Development";
				CODE_SIGN_STYLE = Automatic;
				CURRENT_PROJECT_VERSION = 1;
				DEVELOPMENT_TEAM = 8G3A932HJG;
				ENABLE_USER_SCRIPT_SANDBOXING = NO;
				FRAMEWORK_SEARCH_PATHS = "$(inherited)";
				GENERATE_INFOPLIST_FILE = YES;
				INFOPLIST_FILE = share/Info.plist;
				INFOPLIST_KEY_CFBundleDisplayName = share;
				INFOPLIST_KEY_NSHumanReadableCopyright = "";
				IPHONEOS_DEPLOYMENT_TARGET = 15.1;
				LD_RUNPATH_SEARCH_PATHS = (
					"$(inherited)",
					"@executable_path/Frameworks",
					"@executable_path/../../Frameworks",
				);
				MARKETING_VERSION = 1.0;
				PRODUCT_BUNDLE_IDENTIFIER = app.slax.reader.share;
				PRODUCT_NAME = "$(TARGET_NAME)";
				REACT_NATIVE_PATH = "${PODS_ROOT}/../../react-native/node_modules/react-native";
				SKIP_INSTALL = YES;
				SWIFT_EMIT_LOC_STRINGS = YES;
				SWIFT_VERSION = 5.0;
				TARGETED_DEVICE_FAMILY = "1,2";
			};
			name = Debug;
		};
		8AD22C0E2E83ED490035EA6E /* Release */ = {
			isa = XCBuildConfiguration;
			baseConfigurationReference = B3D95CCEA2E69139FF9B1B06 /* Pods-share.release.xcconfig */;
			buildSettings = {
				CODE_SIGN_ENTITLEMENTS = share/share.entitlements;
				CODE_SIGN_IDENTITY = "Apple Development";
				CODE_SIGN_STYLE = Automatic;
				CURRENT_PROJECT_VERSION = 1;
				DEVELOPMENT_TEAM = 8G3A932HJG;
				ENABLE_USER_SCRIPT_SANDBOXING = NO;
				FRAMEWORK_SEARCH_PATHS = "$(inherited)";
				GENERATE_INFOPLIST_FILE = YES;
				INFOPLIST_FILE = share/Info.plist;
				INFOPLIST_KEY_CFBundleDisplayName = share;
				INFOPLIST_KEY_NSHumanReadableCopyright = "";
				IPHONEOS_DEPLOYMENT_TARGET = 15.1;
				LD_RUNPATH_SEARCH_PATHS = (
					"$(inherited)",
					"@executable_path/Frameworks",
					"@executable_path/../../Frameworks",
				);
				MARKETING_VERSION = 1.0;
				PRODUCT_BUNDLE_IDENTIFIER = app.slax.reader.share;
				PRODUCT_NAME = "$(TARGET_NAME)";
				REACT_NATIVE_PATH = "${PODS_ROOT}/../../react-native/node_modules/react-native";
				SKIP_INSTALL = YES;
				SWIFT_EMIT_LOC_STRINGS = YES;
				SWIFT_VERSION = 5.0;
				TARGETED_DEVICE_FAMILY = "1,2";
			};
			name = Release;
		};
		B9DA97BD2DC1472D00A4DA20 /* Debug */ = {
			isa = XCBuildConfiguration;
			buildSettings = {
				ALWAYS_SEARCH_USER_PATHS = NO;
				ASSETCATALOG_COMPILER_GENERATE_SWIFT_ASSET_SYMBOL_EXTENSIONS = YES;
				CC = "";
				CLANG_ANALYZER_NONNULL = YES;
				CLANG_ANALYZER_NUMBER_OBJECT_CONVERSION = YES_AGGRESSIVE;
				CLANG_CXX_LANGUAGE_STANDARD = "c++20";
				CLANG_ENABLE_MODULES = YES;
				CLANG_ENABLE_OBJC_ARC = YES;
				CLANG_ENABLE_OBJC_WEAK = YES;
				CLANG_WARN_BLOCK_CAPTURE_AUTORELEASING = YES;
				CLANG_WARN_BOOL_CONVERSION = YES;
				CLANG_WARN_COMMA = YES;
				CLANG_WARN_CONSTANT_CONVERSION = YES;
				CLANG_WARN_DEPRECATED_OBJC_IMPLEMENTATIONS = YES;
				CLANG_WARN_DIRECT_OBJC_ISA_USAGE = YES_ERROR;
				CLANG_WARN_DOCUMENTATION_COMMENTS = YES;
				CLANG_WARN_EMPTY_BODY = YES;
				CLANG_WARN_ENUM_CONVERSION = YES;
				CLANG_WARN_INFINITE_RECURSION = YES;
				CLANG_WARN_INT_CONVERSION = YES;
				CLANG_WARN_NON_LITERAL_NULL_CONVERSION = YES;
				CLANG_WARN_OBJC_IMPLICIT_RETAIN_SELF = YES;
				CLANG_WARN_OBJC_LITERAL_CONVERSION = YES;
				CLANG_WARN_OBJC_ROOT_CLASS = YES_ERROR;
				CLANG_WARN_QUOTED_INCLUDE_IN_FRAMEWORK_HEADER = YES;
				CLANG_WARN_RANGE_LOOP_ANALYSIS = YES;
				CLANG_WARN_STRICT_PROTOTYPES = YES;
				CLANG_WARN_SUSPICIOUS_MOVE = YES;
				CLANG_WARN_UNGUARDED_AVAILABILITY = YES_AGGRESSIVE;
				CLANG_WARN_UNREACHABLE_CODE = YES;
				CLANG_WARN__DUPLICATE_METHOD_MATCH = YES;
				COPY_PHASE_STRIP = NO;
				CXX = "";
				DEBUG_INFORMATION_FORMAT = dwarf;
				ENABLE_STRICT_OBJC_MSGSEND = YES;
				ENABLE_TESTABILITY = YES;
				ENABLE_USER_SCRIPT_SANDBOXING = NO;
				FRAMEWORK_SEARCH_PATHS = "$(inherited)";
				GCC_C_LANGUAGE_STANDARD = gnu17;
				GCC_DYNAMIC_NO_PIC = NO;
				GCC_NO_COMMON_BLOCKS = YES;
				GCC_OPTIMIZATION_LEVEL = 0;
				GCC_PREPROCESSOR_DEFINITIONS = (
					"DEBUG=1",
					"$(inherited)",
				);
				GCC_WARN_64_TO_32_BIT_CONVERSION = YES;
				GCC_WARN_ABOUT_RETURN_TYPE = YES_ERROR;
				GCC_WARN_UNDECLARED_SELECTOR = YES;
				GCC_WARN_UNINITIALIZED_AUTOS = YES_AGGRESSIVE;
				GCC_WARN_UNUSED_FUNCTION = YES;
				GCC_WARN_UNUSED_VARIABLE = YES;
				HEADER_SEARCH_PATHS = (
					"$(inherited)",
					"${PODS_CONFIGURATION_BUILD_DIR}/ReactCommon/ReactCommon.framework/Headers",
					"${PODS_CONFIGURATION_BUILD_DIR}/ReactCommon/ReactCommon.framework/Headers/react/nativemodule/core",
					"${PODS_CONFIGURATION_BUILD_DIR}/ReactCommon-Samples/ReactCommon_Samples.framework/Headers",
					"${PODS_CONFIGURATION_BUILD_DIR}/ReactCommon-Samples/ReactCommon_Samples.framework/Headers/platform/ios",
					"${PODS_CONFIGURATION_BUILD_DIR}/React-Fabric/React_Fabric.framework/Headers/react/renderer/components/view/platform/cxx",
					"${PODS_CONFIGURATION_BUILD_DIR}/React-NativeModulesApple/React_NativeModulesApple.framework/Headers",
					"${PODS_CONFIGURATION_BUILD_DIR}/React-graphics/React_graphics.framework/Headers",
					"${PODS_CONFIGURATION_BUILD_DIR}/React-graphics/React_graphics.framework/Headers/react/renderer/graphics/platform/ios",
					"${PODS_CONFIGURATION_BUILD_DIR}/React-runtimeexecutor/React_runtimeexecutor.framework/Headers",
					"${PODS_CONFIGURATION_BUILD_DIR}/React-runtimeexecutor/React_runtimeexecutor.framework/Headers/platform/ios",
				);
				IPHONEOS_DEPLOYMENT_TARGET = 18.2;
				LD = "";
				LDPLUSPLUS = "";
				LOCALIZATION_PREFERS_STRING_CATALOGS = YES;
				MTL_ENABLE_DEBUG_INFO = INCLUDE_SOURCE;
				MTL_FAST_MATH = YES;
				ONLY_ACTIVE_ARCH = YES;
				OTHER_LDFLAGS = "$(inherited)  ";
				REACT_NATIVE_PATH = "${PODS_ROOT}/../../react-native/";
				SDKROOT = iphoneos;
				SWIFT_ACTIVE_COMPILATION_CONDITIONS = "$(inherited) DEBUG";
				SWIFT_OPTIMIZATION_LEVEL = "-Onone";
				USE_HERMES = false;
			};
			name = Debug;
		};
		B9DA97BE2DC1472D00A4DA20 /* Release */ = {
			isa = XCBuildConfiguration;
			buildSettings = {
				ALWAYS_SEARCH_USER_PATHS = NO;
				ASSETCATALOG_COMPILER_GENERATE_SWIFT_ASSET_SYMBOL_EXTENSIONS = YES;
				CC = "";
				CLANG_ANALYZER_NONNULL = YES;
				CLANG_ANALYZER_NUMBER_OBJECT_CONVERSION = YES_AGGRESSIVE;
				CLANG_CXX_LANGUAGE_STANDARD = "c++20";
				CLANG_ENABLE_MODULES = YES;
				CLANG_ENABLE_OBJC_ARC = YES;
				CLANG_ENABLE_OBJC_WEAK = YES;
				CLANG_WARN_BLOCK_CAPTURE_AUTORELEASING = YES;
				CLANG_WARN_BOOL_CONVERSION = YES;
				CLANG_WARN_COMMA = YES;
				CLANG_WARN_CONSTANT_CONVERSION = YES;
				CLANG_WARN_DEPRECATED_OBJC_IMPLEMENTATIONS = YES;
				CLANG_WARN_DIRECT_OBJC_ISA_USAGE = YES_ERROR;
				CLANG_WARN_DOCUMENTATION_COMMENTS = YES;
				CLANG_WARN_EMPTY_BODY = YES;
				CLANG_WARN_ENUM_CONVERSION = YES;
				CLANG_WARN_INFINITE_RECURSION = YES;
				CLANG_WARN_INT_CONVERSION = YES;
				CLANG_WARN_NON_LITERAL_NULL_CONVERSION = YES;
				CLANG_WARN_OBJC_IMPLICIT_RETAIN_SELF = YES;
				CLANG_WARN_OBJC_LITERAL_CONVERSION = YES;
				CLANG_WARN_OBJC_ROOT_CLASS = YES_ERROR;
				CLANG_WARN_QUOTED_INCLUDE_IN_FRAMEWORK_HEADER = YES;
				CLANG_WARN_RANGE_LOOP_ANALYSIS = YES;
				CLANG_WARN_STRICT_PROTOTYPES = YES;
				CLANG_WARN_SUSPICIOUS_MOVE = YES;
				CLANG_WARN_UNGUARDED_AVAILABILITY = YES_AGGRESSIVE;
				CLANG_WARN_UNREACHABLE_CODE = YES;
				CLANG_WARN__DUPLICATE_METHOD_MATCH = YES;
				COPY_PHASE_STRIP = NO;
				CXX = "";
				DEBUG_INFORMATION_FORMAT = "dwarf-with-dsym";
				ENABLE_NS_ASSERTIONS = NO;
				ENABLE_STRICT_OBJC_MSGSEND = YES;
				ENABLE_USER_SCRIPT_SANDBOXING = NO;
				FRAMEWORK_SEARCH_PATHS = "$(inherited)";
				GCC_C_LANGUAGE_STANDARD = gnu17;
				GCC_NO_COMMON_BLOCKS = YES;
				GCC_WARN_64_TO_32_BIT_CONVERSION = YES;
				GCC_WARN_ABOUT_RETURN_TYPE = YES_ERROR;
				GCC_WARN_UNDECLARED_SELECTOR = YES;
				GCC_WARN_UNINITIALIZED_AUTOS = YES_AGGRESSIVE;
				GCC_WARN_UNUSED_FUNCTION = YES;
				GCC_WARN_UNUSED_VARIABLE = YES;
				HEADER_SEARCH_PATHS = (
					"$(inherited)",
					"${PODS_CONFIGURATION_BUILD_DIR}/ReactCommon/ReactCommon.framework/Headers",
					"${PODS_CONFIGURATION_BUILD_DIR}/ReactCommon/ReactCommon.framework/Headers/react/nativemodule/core",
					"${PODS_CONFIGURATION_BUILD_DIR}/ReactCommon-Samples/ReactCommon_Samples.framework/Headers",
					"${PODS_CONFIGURATION_BUILD_DIR}/ReactCommon-Samples/ReactCommon_Samples.framework/Headers/platform/ios",
					"${PODS_CONFIGURATION_BUILD_DIR}/React-Fabric/React_Fabric.framework/Headers/react/renderer/components/view/platform/cxx",
					"${PODS_CONFIGURATION_BUILD_DIR}/React-NativeModulesApple/React_NativeModulesApple.framework/Headers",
					"${PODS_CONFIGURATION_BUILD_DIR}/React-graphics/React_graphics.framework/Headers",
					"${PODS_CONFIGURATION_BUILD_DIR}/React-graphics/React_graphics.framework/Headers/react/renderer/graphics/platform/ios",
					"${PODS_CONFIGURATION_BUILD_DIR}/React-runtimeexecutor/React_runtimeexecutor.framework/Headers",
					"${PODS_CONFIGURATION_BUILD_DIR}/React-runtimeexecutor/React_runtimeexecutor.framework/Headers/platform/ios",
				);
				IPHONEOS_DEPLOYMENT_TARGET = 18.2;
				LD = "";
				LDPLUSPLUS = "";
				LOCALIZATION_PREFERS_STRING_CATALOGS = YES;
				MTL_ENABLE_DEBUG_INFO = NO;
				MTL_FAST_MATH = YES;
				OTHER_LDFLAGS = "$(inherited)  ";
				REACT_NATIVE_PATH = "${PODS_ROOT}/../../react-native/";
				SDKROOT = iphoneos;
				SWIFT_COMPILATION_MODE = wholemodule;
				USE_HERMES = false;
				VALIDATE_PRODUCT = YES;
			};
			name = Release;
		};
		B9DA97C02DC1472D00A4DA20 /* Debug */ = {
			isa = XCBuildConfiguration;
			baseConfigurationReference = 04F7449A1A39313AF505F41A /* Pods-iosApp.debug.xcconfig */;
			buildSettings = {
				ASSETCATALOG_COMPILER_APPICON_NAME = AppIcon;
				ASSETCATALOG_COMPILER_GLOBAL_ACCENT_COLOR_NAME = AccentColor;
				CODE_SIGN_ENTITLEMENTS = iosApp/iosAppDebug.entitlements;
				CODE_SIGN_IDENTITY = "Apple Development";
				CODE_SIGN_STYLE = Automatic;
				CURRENT_PROJECT_VERSION = "$(BUNDLE_VERSION)";
				DEVELOPMENT_ASSET_PATHS = "\"iosApp/Preview Content\"";
				DEVELOPMENT_TEAM = 8G3A932HJG;
				ENABLE_PREVIEWS = YES;
				FRAMEWORK_SEARCH_PATHS = "$(inherited)";
				GENERATE_INFOPLIST_FILE = YES;
				INFOPLIST_FILE = iosApp/Info.plist;
				INFOPLIST_KEY_CFBundleDisplayName = "Slax Reader";
				INFOPLIST_KEY_ITSAppUsesNonExemptEncryption = NO;
				INFOPLIST_KEY_LSSupportsOpeningDocumentsInPlace = YES;
				INFOPLIST_KEY_UIApplicationSceneManifest_Generation = YES;
				INFOPLIST_KEY_UIApplicationSupportsIndirectInputEvents = YES;
				INFOPLIST_KEY_UILaunchScreen_Generation = YES;
				INFOPLIST_KEY_UISupportedInterfaceOrientations_iPad = "UIInterfaceOrientationPortrait UIInterfaceOrientationPortraitUpsideDown UIInterfaceOrientationLandscapeLeft UIInterfaceOrientationLandscapeRight";
				INFOPLIST_KEY_UISupportedInterfaceOrientations_iPhone = "UIInterfaceOrientationPortrait UIInterfaceOrientationLandscapeLeft UIInterfaceOrientationLandscapeRight";
				INFOPLIST_KEY_UISupportsDocumentBrowser = YES;
				IPHONEOS_DEPLOYMENT_TARGET = 15.1;
				KOTLIN_FRAMEWORK_BUILD_TYPE = Debug;
				LD_RUNPATH_SEARCH_PATHS = (
					"$(inherited)",
					"@executable_path/Frameworks",
				);
				MARKETING_VERSION = "$(BUNDLE_SHORT_VERSION_STRING)";
				PRODUCT_BUNDLE_IDENTIFIER = app.slax.reader;
				PRODUCT_NAME = "Slax Reader";
				REACT_NATIVE_PATH = "${PODS_ROOT}/../../react-native/node_modules/react-native";
				SWIFT_EMIT_LOC_STRINGS = YES;
				SWIFT_VERSION = 5.0;
				TARGETED_DEVICE_FAMILY = "1,2";
			};
			name = Debug;
		};
		B9DA97C12DC1472D00A4DA20 /* Release */ = {
			isa = XCBuildConfiguration;
			baseConfigurationReference = 824E651F0113D77B8A9B160C /* Pods-iosApp.release.xcconfig */;
			buildSettings = {
				ASSETCATALOG_COMPILER_APPICON_NAME = AppIcon;
				ASSETCATALOG_COMPILER_GLOBAL_ACCENT_COLOR_NAME = AccentColor;
				CODE_SIGN_ENTITLEMENTS = iosApp/iosApp.entitlements;
				CODE_SIGN_IDENTITY = "Apple Development";
				CODE_SIGN_STYLE = Automatic;
				CURRENT_PROJECT_VERSION = "$(BUNDLE_VERSION)";
				DEVELOPMENT_ASSET_PATHS = "\"iosApp/Preview Content\"";
				DEVELOPMENT_TEAM = 8G3A932HJG;
				ENABLE_PREVIEWS = YES;
				FRAMEWORK_SEARCH_PATHS = "$(inherited)";
				GENERATE_INFOPLIST_FILE = YES;
				INFOPLIST_FILE = iosApp/Info.plist;
				INFOPLIST_KEY_CFBundleDisplayName = "Slax Reader";
				INFOPLIST_KEY_ITSAppUsesNonExemptEncryption = NO;
				INFOPLIST_KEY_LSSupportsOpeningDocumentsInPlace = YES;
				INFOPLIST_KEY_UIApplicationSceneManifest_Generation = YES;
				INFOPLIST_KEY_UIApplicationSupportsIndirectInputEvents = YES;
				INFOPLIST_KEY_UILaunchScreen_Generation = YES;
				INFOPLIST_KEY_UISupportedInterfaceOrientations_iPad = "UIInterfaceOrientationPortrait UIInterfaceOrientationPortraitUpsideDown UIInterfaceOrientationLandscapeLeft UIInterfaceOrientationLandscapeRight";
				INFOPLIST_KEY_UISupportedInterfaceOrientations_iPhone = "UIInterfaceOrientationPortrait UIInterfaceOrientationLandscapeLeft UIInterfaceOrientationLandscapeRight";
				INFOPLIST_KEY_UISupportsDocumentBrowser = YES;
				IPHONEOS_DEPLOYMENT_TARGET = 15.1;
				KOTLIN_FRAMEWORK_BUILD_TYPE = Release;
				LD_RUNPATH_SEARCH_PATHS = (
					"$(inherited)",
					"@executable_path/Frameworks",
				);
				MARKETING_VERSION = "$(BUNDLE_SHORT_VERSION_STRING)";
				PRODUCT_BUNDLE_IDENTIFIER = app.slax.reader;
				PRODUCT_NAME = "Slax Reader";
				REACT_NATIVE_PATH = "${PODS_ROOT}/../../react-native/node_modules/react-native";
				SWIFT_EMIT_LOC_STRINGS = YES;
				SWIFT_VERSION = 5.0;
				TARGETED_DEVICE_FAMILY = "1,2";
			};
			name = Release;
		};
/* End XCBuildConfiguration section */

/* Begin XCConfigurationList section */
		8AD22C0C2E83ED490035EA6E /* Build configuration list for PBXNativeTarget "share" */ = {
			isa = XCConfigurationList;
			buildConfigurations = (
				8AD22C0D2E83ED490035EA6E /* Debug */,
				8AD22C0E2E83ED490035EA6E /* Release */,
			);
			defaultConfigurationIsVisible = 0;
			defaultConfigurationName = Release;
		};
		B9DA97AC2DC1472C00A4DA20 /* Build configuration list for PBXProject "iosApp" */ = {
			isa = XCConfigurationList;
			buildConfigurations = (
				B9DA97BD2DC1472D00A4DA20 /* Debug */,
				B9DA97BE2DC1472D00A4DA20 /* Release */,
			);
			defaultConfigurationIsVisible = 0;
			defaultConfigurationName = Release;
		};
		B9DA97BF2DC1472D00A4DA20 /* Build configuration list for PBXNativeTarget "iosApp" */ = {
			isa = XCConfigurationList;
			buildConfigurations = (
				B9DA97C02DC1472D00A4DA20 /* Debug */,
				B9DA97C12DC1472D00A4DA20 /* Release */,
			);
			defaultConfigurationIsVisible = 0;
			defaultConfigurationName = Release;
		};
/* End XCConfigurationList section */

/* Begin XCRemoteSwiftPackageReference section */
		8A1CC81A2E9A6F9300F7C101 /* XCRemoteSwiftPackageReference "firebase-ios-sdk" */ = {
			isa = XCRemoteSwiftPackageReference;
			repositoryURL = "https://github.com/firebase/firebase-ios-sdk";
			requirement = {
				kind = upToNextMajorVersion;
				minimumVersion = 12.4.0;
			};
		};
		8ACC80412E9CA0E90078F1FF /* XCRemoteSwiftPackageReference "GoogleSignIn-iOS" */ = {
			isa = XCRemoteSwiftPackageReference;
			repositoryURL = "https://github.com/google/GoogleSignIn-iOS.git";
			requirement = {
				kind = upToNextMajorVersion;
				minimumVersion = 9.0.0;
			};
		};
/* End XCRemoteSwiftPackageReference section */

/* Begin XCSwiftPackageProductDependency section */
		8A1CC81B2E9A6F9300F7C101 /* FirebaseAnalytics */ = {
			isa = XCSwiftPackageProductDependency;
			package = 8A1CC81A2E9A6F9300F7C101 /* XCRemoteSwiftPackageReference "firebase-ios-sdk" */;
			productName = FirebaseAnalytics;
		};
		8A1CC81D2E9A6F9300F7C101 /* FirebaseCrashlytics */ = {
			isa = XCSwiftPackageProductDependency;
			package = 8A1CC81A2E9A6F9300F7C101 /* XCRemoteSwiftPackageReference "firebase-ios-sdk" */;
			productName = FirebaseCrashlytics;
		};
		8A9B3AFF2EA78B4100F25AB6 /* FirebaseMessaging */ = {
			isa = XCSwiftPackageProductDependency;
			package = 8A1CC81A2E9A6F9300F7C101 /* XCRemoteSwiftPackageReference "firebase-ios-sdk" */;
			productName = FirebaseMessaging;
		};
		8A9B3B012EA78B4900F25AB6 /* FirebaseMessaging */ = {
			isa = XCSwiftPackageProductDependency;
			package = 8A1CC81A2E9A6F9300F7C101 /* XCRemoteSwiftPackageReference "firebase-ios-sdk" */;
			productName = FirebaseMessaging;
		};
		8AC37B062E9D0BE2005395D2 /* FirebaseAuth */ = {
			isa = XCSwiftPackageProductDependency;
			package = 8A1CC81A2E9A6F9300F7C101 /* XCRemoteSwiftPackageReference "firebase-ios-sdk" */;
			productName = FirebaseAuth;
		};
		8AC37B082E9D0BEB005395D2 /* FirebaseAuth */ = {
			isa = XCSwiftPackageProductDependency;
			package = 8A1CC81A2E9A6F9300F7C101 /* XCRemoteSwiftPackageReference "firebase-ios-sdk" */;
			productName = FirebaseAuth;
		};
		8ACC80422E9CA0E90078F1FF /* GoogleSignIn */ = {
			isa = XCSwiftPackageProductDependency;
			package = 8ACC80412E9CA0E90078F1FF /* XCRemoteSwiftPackageReference "GoogleSignIn-iOS" */;
			productName = GoogleSignIn;
		};
		8ACC80442E9CA0E90078F1FF /* GoogleSignInSwift */ = {
			isa = XCSwiftPackageProductDependency;
			package = 8ACC80412E9CA0E90078F1FF /* XCRemoteSwiftPackageReference "GoogleSignIn-iOS" */;
			productName = GoogleSignInSwift;
		};
		8ACC80472E9CA6C40078F1FF /* FirebaseAnalytics */ = {
			isa = XCSwiftPackageProductDependency;
			package = 8A1CC81A2E9A6F9300F7C101 /* XCRemoteSwiftPackageReference "firebase-ios-sdk" */;
			productName = FirebaseAnalytics;
		};
		8ACC80492E9CA6C70078F1FF /* FirebaseCrashlytics */ = {
			isa = XCSwiftPackageProductDependency;
			package = 8A1CC81A2E9A6F9300F7C101 /* XCRemoteSwiftPackageReference "firebase-ios-sdk" */;
			productName = FirebaseCrashlytics;
		};
		8ACC804B2E9CA6CB0078F1FF /* GoogleSignIn */ = {
			isa = XCSwiftPackageProductDependency;
			package = 8ACC80412E9CA0E90078F1FF /* XCRemoteSwiftPackageReference "GoogleSignIn-iOS" */;
			productName = GoogleSignIn;
		};
		8ACC804D2E9CA6CD0078F1FF /* GoogleSignInSwift */ = {
			isa = XCSwiftPackageProductDependency;
			package = 8ACC80412E9CA0E90078F1FF /* XCRemoteSwiftPackageReference "GoogleSignIn-iOS" */;
			productName = GoogleSignInSwift;
		};
/* End XCSwiftPackageProductDependency section */
	};
	rootObject = B9DA97A92DC1472C00A4DA20 /* Project object */;
}
