PODS:
  - ComposeApp (1.0.2):
    - powersync-sqlite-core
  - powersync-sqlite-core (0.4.9)

DEPENDENCIES:
  - ComposeApp (from `../composeApp`)

SPEC REPOS:
  trunk:
    - powersync-sqlite-core

EXTERNAL SOURCES:
  ComposeApp:
    :path: "../composeApp"

SPEC CHECKSUMS:
  ComposeApp: 3efbea15bb2e86231c5afd37da56aeff5efb1a72
  powersync-sqlite-core: 6d54a2fc0592be19f4ecaf7e8365b3cfd3f6bccf

PODFILE CHECKSUM: cab1271df3be58fca0f35e831ce35c93d4378038

COCOAPODS: 1.16.2
