PODS:
  - ComposeApp (1.0.1):
    - powersync-sqlite-core
  - powersync-sqlite-core (0.4.6)

DEPENDENCIES:
  - ComposeApp (from `../composeApp`)

SPEC REPOS:
  trunk:
    - powersync-sqlite-core

EXTERNAL SOURCES:
  ComposeApp:
    :path: "../composeApp"

SPEC CHECKSUMS:
  ComposeApp: 304df8b0d2f7140e485db6e32d3ff04d9c4f9409
  powersync-sqlite-core: 42c4a42a692b3b770a5488778789430d67a39b49

PODFILE CHECKSUM: cab1271df3be58fca0f35e831ce35c93d4378038

COCOAPODS: 1.16.2
